// !$*UTF8*$!
{
	archiveVersion = 1;
	classes = {
	};
	objectVersion = 77;
	objects = {

/* Begin PBXBuildFile section */
		5AAFB6152CD8B55F00D778CE /* CoreLocation.framework in Frameworks */ = {isa = PBXBuildFile; fileRef = 5AAFB6142CD8B55F00D778CE /* CoreLocation.framework */; };
/* End PBXBuildFile section */

/* Begin PBXContainerItemProxy section */
		5AAFB5F62CD8B4CF00D778CE /* PBXContainerItemProxy */ = {
			isa = PBXContainerItemProxy;
			containerPortal = 5AAFB5D72CD8B4CE00D778CE /* Project object */;
			proxyType = 1;
			remoteGlobalIDString = 5AAFB5DE2CD8B4CE00D778CE;
			remoteInfo = UsersLocationApp;
		};
		5AAFB6002CD8B4CF00D778CE /* PBXContainerItemProxy */ = {
			isa = PBXContainerItemProxy;
			containerPortal = 5AAFB5D72CD8B4CE00D778CE /* Project object */;
			proxyType = 1;
			remoteGlobalIDString = 5AAFB5DE2CD8B4CE00D778CE;
			remoteInfo = UsersLocationApp;
		};
/* End PBXContainerItemProxy section */

/* Begin PBXFileReference section */
		5AAFB5DF2CD8B4CE00D778CE /* UsersLocationApp.app */ = {isa = PBXFileReference; explicitFileType = wrapper.application; includeInIndex = 0; path = UsersLocationApp.app; sourceTree = BUILT_PRODUCTS_DIR; };
		5AAFB5F52CD8B4CF00D778CE /* UsersLocationAppTests.xctest */ = {isa = PBXFileReference; explicitFileType = wrapper.cfbundle; includeInIndex = 0; path = UsersLocationAppTests.xctest; sourceTree = BUILT_PRODUCTS_DIR; };
		5AAFB5FF2CD8B4CF00D778CE /* UsersLocationAppUITests.xctest */ = {isa = PBXFileReference; explicitFileType = wrapper.cfbundle; includeInIndex = 0; path = UsersLocationAppUITests.xctest; sourceTree = BUILT_PRODUCTS_DIR; };
		5AAFB6142CD8B55F00D778CE /* CoreLocation.framework */ = {isa = PBXFileReference; lastKnownFileType = wrapper.framework; name = CoreLocation.framework; path = System/Library/Frameworks/CoreLocation.framework; sourceTree = SDKROOT; };
/* End PBXFileReference section */

/* Begin PBXFileSystemSynchronizedBuildFileExceptionSet section */
		5AAFB6072CD8B4CF00D778CE /* Exceptions for "UsersLocationApp" folder in "UsersLocationApp" target */ = {
			isa = PBXFileSystemSynchronizedBuildFileExceptionSet;
			membershipExceptions = (
				Info.plist,
			);
			target = 5AAFB5DE2CD8B4CE00D778CE /* UsersLocationApp */;
		};
/* End PBXFileSystemSynchronizedBuildFileExceptionSet section */

/* Begin PBXFileSystemSynchronizedRootGroup section */
		5AAFB5E12CD8B4CE00D778CE /* UsersLocationApp */ = {
			isa = PBXFileSystemSynchronizedRootGroup;
			exceptions = (
				5AAFB6072CD8B4CF00D778CE /* Exceptions for "UsersLocationApp" folder in "UsersLocationApp" target */,
			);
			path = UsersLocationApp;
			sourceTree = "<group>";
		};
		5AAFB5F82CD8B4CF00D778CE /* UsersLocationAppTests */ = {
			isa = PBXFileSystemSynchronizedRootGroup;
			path = UsersLocationAppTests;
			sourceTree = "<group>";
		};
		5AAFB6022CD8B4CF00D778CE /* UsersLocationAppUITests */ = {
			isa = PBXFileSystemSynchronizedRootGroup;
			path = UsersLocationAppUITests;
			sourceTree = "<group>";
		};
/* End PBXFileSystemSynchronizedRootGroup section */

/* Begin PBXFrameworksBuildPhase section */
		5AAFB5DC2CD8B4CE00D778CE /* Frameworks */ = {
			isa = PBXFrameworksBuildPhase;
			buildActionMask = 2147483647;
			files = (
				5AAFB6152CD8B55F00D778CE /* CoreLocation.framework in Frameworks */,
			);
			runOnlyForDeploymentPostprocessing = 0;
		};
		5AAFB5F22CD8B4CF00D778CE /* Frameworks */ = {
			isa = PBXFrameworksBuildPhase;
			buildActionMask = 2147483647;
			files = (
			);
			runOnlyForDeploymentPostprocessing = 0;
		};
		5AAFB5FC2CD8B4CF00D778CE /* Frameworks */ = {
			isa = PBXFrameworksBuildPhase;
			buildActionMask = 2147483647;
			files = (
			);
			runOnlyForDeploymentPostprocessing = 0;
		};
/* End PBXFrameworksBuildPhase section */

/* Begin PBXGroup section */
		5AAFB5D62CD8B4CE00D778CE = {
			isa = PBXGroup;
			children = (
				5AAFB5E12CD8B4CE00D778CE /* UsersLocationApp */,
				5AAFB5F82CD8B4CF00D778CE /* UsersLocationAppTests */,
				5AAFB6022CD8B4CF00D778CE /* UsersLocationAppUITests */,
				5AAFB6132CD8B55F00D778CE /* Frameworks */,
				5AAFB5E02CD8B4CE00D778CE /* Products */,
			);
			sourceTree = "<group>";
		};
		5AAFB5E02CD8B4CE00D778CE /* Products */ = {
			isa = PBXGroup;
			children = (
				5AAFB5DF2CD8B4CE00D778CE /* UsersLocationApp.app */,
				5AAFB5F52CD8B4CF00D778CE /* UsersLocationAppTests.xctest */,
				5AAFB5FF2CD8B4CF00D778CE /* UsersLocationAppUITests.xctest */,
			);
			name = Products;
			sourceTree = "<group>";
		};
		5AAFB6132CD8B55F00D778CE /* Frameworks */ = {
			isa = PBXGroup;
			children = (
				5AAFB6142CD8B55F00D778CE /* CoreLocation.framework */,
			);
			name = Frameworks;
			sourceTree = "<group>";
		};
/* End PBXGroup section */

/* Begin PBXNativeTarget section */
		5AAFB5DE2CD8B4CE00D778CE /* UsersLocationApp */ = {
			isa = PBXNativeTarget;
			buildConfigurationList = 5AAFB6082CD8B4CF00D778CE /* Build configuration list for PBXNativeTarget "UsersLocationApp" */;
			buildPhases = (
				5AAFB5DB2CD8B4CE00D778CE /* Sources */,
				5AAFB5DC2CD8B4CE00D778CE /* Frameworks */,
				5AAFB5DD2CD8B4CE00D778CE /* Resources */,
			);
			buildRules = (
			);
			dependencies = (
			);
			fileSystemSynchronizedGroups = (
				5AAFB5E12CD8B4CE00D778CE /* UsersLocationApp */,
			);
			name = UsersLocationApp;
			packageProductDependencies = (
			);
			productName = UsersLocationApp;
			productReference = 5AAFB5DF2CD8B4CE00D778CE /* UsersLocationApp.app */;
			productType = "com.apple.product-type.application";
		};
		5AAFB5F42CD8B4CF00D778CE /* UsersLocationAppTests */ = {
			isa = PBXNativeTarget;
			buildConfigurationList = 5AAFB60D2CD8B4CF00D778CE /* Build configuration list for PBXNativeTarget "UsersLocationAppTests" */;
			buildPhases = (
				5AAFB5F12CD8B4CF00D778CE /* Sources */,
				5AAFB5F22CD8B4CF00D778CE /* Frameworks */,
				5AAFB5F32CD8B4CF00D778CE /* Resources */,
			);
			buildRules = (
			);
			dependencies = (
				5AAFB5F72CD8B4CF00D778CE /* PBXTargetDependency */,
			);
			fileSystemSynchronizedGroups = (
				5AAFB5F82CD8B4CF00D778CE /* UsersLocationAppTests */,
			);
			name = UsersLocationAppTests;
			packageProductDependencies = (
			);
			productName = UsersLocationAppTests;
			productReference = 5AAFB5F52CD8B4CF00D778CE /* UsersLocationAppTests.xctest */;
			productType = "com.apple.product-type.bundle.unit-test";
		};
		5AAFB5FE2CD8B4CF00D778CE /* UsersLocationAppUITests */ = {
			isa = PBXNativeTarget;
			buildConfigurationList = 5AAFB6102CD8B4CF00D778CE /* Build configuration list for PBXNativeTarget "UsersLocationAppUITests" */;
			buildPhases = (
				5AAFB5FB2CD8B4CF00D778CE /* Sources */,
				5AAFB5FC2CD8B4CF00D778CE /* Frameworks */,
				5AAFB5FD2CD8B4CF00D778CE /* Resources */,
			);
			buildRules = (
			);
			dependencies = (
				5AAFB6012CD8B4CF00D778CE /* PBXTargetDependency */,
			);
			fileSystemSynchronizedGroups = (
				5AAFB6022CD8B4CF00D778CE /* UsersLocationAppUITests */,
			);
			name = UsersLocationAppUITests;
			packageProductDependencies = (
			);
			productName = UsersLocationAppUITests;
			productReference = 5AAFB5FF2CD8B4CF00D778CE /* UsersLocationAppUITests.xctest */;
			productType = "com.apple.product-type.bundle.ui-testing";
		};
/* End PBXNativeTarget section */

/* Begin PBXProject section */
		5AAFB5D72CD8B4CE00D778CE /* Project object */ = {
			isa = PBXProject;
			attributes = {
				BuildIndependentTargetsInParallel = 1;
				LastSwiftUpdateCheck = 1610;
				LastUpgradeCheck = 1610;
				TargetAttributes = {
					5AAFB5DE2CD8B4CE00D778CE = {
						CreatedOnToolsVersion = 16.1;
					};
					5AAFB5F42CD8B4CF00D778CE = {
						CreatedOnToolsVersion = 16.1;
						TestTargetID = 5AAFB5DE2CD8B4CE00D778CE;
					};
					5AAFB5FE2CD8B4CF00D778CE = {
						CreatedOnToolsVersion = 16.1;
						TestTargetID = 5AAFB5DE2CD8B4CE00D778CE;
					};
				};
			};
			buildConfigurationList = 5AAFB5DA2CD8B4CE00D778CE /* Build configuration list for PBXProject "UsersLocationApp" */;
			developmentRegion = en;
			hasScannedForEncodings = 0;
			knownRegions = (
				en,
				Base,
			);
			mainGroup = 5AAFB5D62CD8B4CE00D778CE;
			minimizedProjectReferenceProxies = 1;
			preferredProjectObjectVersion = 77;
			productRefGroup = 5AAFB5E02CD8B4CE00D778CE /* Products */;
			projectDirPath = "";
			projectRoot = "";
			targets = (
				5AAFB5DE2CD8B4CE00D778CE /* UsersLocationApp */,
				5AAFB5F42CD8B4CF00D778CE /* UsersLocationAppTests */,
				5AAFB5FE2CD8B4CF00D778CE /* UsersLocationAppUITests */,
			);
		};
/* End PBXProject section */

/* Begin PBXResourcesBuildPhase section */
		5AAFB5DD2CD8B4CE00D778CE /* Resources */ = {
			isa = PBXResourcesBuildPhase;
			buildActionMask = 2147483647;
			files = (
			);
			runOnlyForDeploymentPostprocessing = 0;
		};
		5AAFB5F32CD8B4CF00D778CE /* Resources */ = {
			isa = PBXResourcesBuildPhase;
			buildActionMask = 2147483647;
			files = (
			);
			runOnlyForDeploymentPostprocessing = 0;
		};
		5AAFB5FD2CD8B4CF00D778CE /* Resources */ = {
			isa = PBXResourcesBuildPhase;
			buildActionMask = 2147483647;
			files = (
			);
			runOnlyForDeploymentPostprocessing = 0;
		};
/* End PBXResourcesBuildPhase section */

/* Begin PBXSourcesBuildPhase section */
		5AAFB5DB2CD8B4CE00D778CE /* Sources */ = {
			isa = PBXSourcesBuildPhase;
			buildActionMask = 2147483647;
			files = (
			);
			runOnlyForDeploymentPostprocessing = 0;
		};
		5AAFB5F12CD8B4CF00D778CE /* Sources */ = {
			isa = PBXSourcesBuildPhase;
			buildActionMask = 2147483647;
			files = (
			);
			runOnlyForDeploymentPostprocessing = 0;
		};
		5AAFB5FB2CD8B4CF00D778CE /* Sources */ = {
			isa = PBXSourcesBuildPhase;
			buildActionMask = 2147483647;
			files = (
			);
			runOnlyForDeploymentPostprocessing = 0;
		};
/* End PBXSourcesBuildPhase section */

/* Begin PBXTargetDependency section */
		5AAFB5F72CD8B4CF00D778CE /* PBXTargetDependency */ = {
			isa = PBXTargetDependency;
			target = 5AAFB5DE2CD8B4CE00D778CE /* UsersLocationApp */;
			targetProxy = 5AAFB5F62CD8B4CF00D778CE /* PBXContainerItemProxy */;
		};
		5AAFB6012CD8B4CF00D778CE /* PBXTargetDependency */ = {
			isa = PBXTargetDependency;
			target = 5AAFB5DE2CD8B4CE00D778CE /* UsersLocationApp */;
			targetProxy = 5AAFB6002CD8B4CF00D778CE /* PBXContainerItemProxy */;
		};
/* End PBXTargetDependency section */

/* Begin XCBuildConfiguration section */
		5AAFB6092CD8B4CF00D778CE /* Debug */ = {
			isa = XCBuildConfiguration;
			buildSettings = {
				ASSETCATALOG_COMPILER_APPICON_NAME = AppIcon;
				ASSETCATALOG_COMPILER_GLOBAL_ACCENT_COLOR_NAME = AccentColor;
				CODE_SIGN_STYLE = Automatic;
				CURRENT_PROJECT_VERSION = 1;
				GENERATE_INFOPLIST_FILE = YES;
				INFOPLIST_FILE = UsersLocationApp/Info.plist;
				INFOPLIST_KEY_UIApplicationSupportsIndirectInputEvents = YES;
				INFOPLIST_KEY_UILaunchStoryboardName = LaunchScreen;
				INFOPLIST_KEY_UIMainStoryboardFile = Main;
				INFOPLIST_KEY_UISupportedInterfaceOrientations_iPad = "UIInterfaceOrientationPortrait UIInterfaceOrientationPortraitUpsideDown UIInterfaceOrientationLandscapeLeft UIInterfaceOrientationLandscapeRight";
				INFOPLIST_KEY_UISupportedInterfaceOrientations_iPhone = "UIInterfaceOrientationPortrait UIInterfaceOrientationLandscapeLeft UIInterfaceOrientationLandscapeRight";
				LD_RUNPATH_SEARCH_PATHS = (
					"$(inherited)",
					"@executable_path/Frameworks",
				);
				MARKETING_VERSION = 1.0;
				PRODUCT_BUNDLE_IDENTIFIER = student.UsersLocationApp;
				PRODUCT_NAME = "$(TARGET_NAME)";
				SWIFT_EMIT_LOC_STRINGS = YES;
				SWIFT_VERSION = 5.0;
				TARGETED_DEVICE_FAMILY = "1,2";
			};
			name = Debug;
		};
		5AAFB60A2CD8B4CF00D778CE /* Release */ = {
			isa = XCBuildConfiguration;
			buildSettings = {
				ASSETCATALOG_COMPILER_APPICON_NAME = AppIcon;
				ASSETCATALOG_COMPILER_GLOBAL_ACCENT_COLOR_NAME = AccentColor;
				CODE_SIGN_STYLE = Automatic;
				CURRENT_PROJECT_VERSION = 1;
				GENERATE_INFOPLIST_FILE = YES;
				INFOPLIST_FILE = UsersLocationApp/Info.plist;
				INFOPLIST_KEY_UIApplicationSupportsIndirectInputEvents = YES;
				INFOPLIST_KEY_UILaunchStoryboardName = LaunchScreen;
				INFOPLIST_KEY_UIMainStoryboardFile = Main;
				INFOPLIST_KEY_UISupportedInterfaceOrientations_iPad = "UIInterfaceOrientationPortrait UIInterfaceOrientationPortraitUpsideDown UIInterfaceOrientationLandscapeLeft UIInterfaceOrientationLandscapeRight";
				INFOPLIST_KEY_UISupportedInterfaceOrientations_iPhone = "UIInterfaceOrientationPortrait UIInterfaceOrientationLandscapeLeft UIInterfaceOrientationLandscapeRight";
				LD_RUNPATH_SEARCH_PATHS = (
					"$(inherited)",
					"@executable_path/Frameworks",
				);
				MARKETING_VERSION = 1.0;
				PRODUCT_BUNDLE_IDENTIFIER = student.UsersLocationApp;
				PRODUCT_NAME = "$(TARGET_NAME)";
				SWIFT_EMIT_LOC_STRINGS = YES;
				SWIFT_VERSION = 5.0;
				TARGETED_DEVICE_FAMILY = "1,2";
			};
			name = Release;
		};
		5AAFB60B2CD8B4CF00D778CE /* Debug */ = {
			isa = XCBuildConfiguration;
			buildSettings = {
				ALWAYS_SEARCH_USER_PATHS = NO;
				ASSETCATALOG_COMPILER_GENERATE_SWIFT_ASSET_SYMBOL_EXTENSIONS = YES;
				CLANG_ANALYZER_NONNULL = YES;
				CLANG_ANALYZER_NUMBER_OBJECT_CONVERSION = YES_AGGRESSIVE;
				CLANG_CXX_LANGUAGE_STANDARD = "gnu++20";
				CLANG_ENABLE_MODULES = YES;
				CLANG_ENABLE_OBJC_ARC = YES;
				CLANG_ENABLE_OBJC_WEAK = YES;
				CLANG_WARN_BLOCK_CAPTURE_AUTORELEASING = YES;
				CLANG_WARN_BOOL_CONVERSION = YES;
				CLANG_WARN_COMMA = YES;
				CLANG_WARN_CONSTANT_CONVERSION = YES;
				CLANG_WARN_DEPRECATED_OBJC_IMPLEMENTATIONS = YES;
				CLANG_WARN_DIRECT_OBJC_ISA_USAGE = YES_ERROR;
				CLANG_WARN_DOCUMENTATION_COMMENTS = YES;
				CLANG_WARN_EMPTY_BODY = YES;
				CLANG_WARN_ENUM_CONVERSION = YES;
				CLANG_WARN_INFINITE_RECURSION = YES;
				CLANG_WARN_INT_CONVERSION = YES;
				CLANG_WARN_NON_LITERAL_NULL_CONVERSION = YES;
				CLANG_WARN_OBJC_IMPLICIT_RETAIN_SELF = YES;
				CLANG_WARN_OBJC_LITERAL_CONVERSION = YES;
				CLANG_WARN_OBJC_ROOT_CLASS = YES_ERROR;
				CLANG_WARN_QUOTED_INCLUDE_IN_FRAMEWORK_HEADER = YES;
				CLANG_WARN_RANGE_LOOP_ANALYSIS = YES;
				CLANG_WARN_STRICT_PROTOTYPES = YES;
				CLANG_WARN_SUSPICIOUS_MOVE = YES;
				CLANG_WARN_UNGUARDED_AVAILABILITY = YES_AGGRESSIVE;
				CLANG_WARN_UNREACHABLE_CODE = YES;
				CLANG_WARN__DUPLICATE_METHOD_MATCH = YES;
				COPY_PHASE_STRIP = NO;
				DEBUG_INFORMATION_FORMAT = dwarf;
				ENABLE_STRICT_OBJC_MSGSEND = YES;
				ENABLE_TESTABILITY = YES;
				ENABLE_USER_SCRIPT_SANDBOXING = YES;
				GCC_C_LANGUAGE_STANDARD = gnu17;
				GCC_DYNAMIC_NO_PIC = NO;
				GCC_NO_COMMON_BLOCKS = YES;
				GCC_OPTIMIZATION_LEVEL = 0;
				GCC_PREPROCESSOR_DEFINITIONS = (
					"DEBUG=1",
					"$(inherited)",
				);
				GCC_WARN_64_TO_32_BIT_CONVERSION = YES;
				GCC_WARN_ABOUT_RETURN_TYPE = YES_ERROR;
				GCC_WARN_UNDECLARED_SELECTOR = YES;
				GCC_WARN_UNINITIALIZED_AUTOS = YES_AGGRESSIVE;
				GCC_WARN_UNUSED_FUNCTION = YES;
				GCC_WARN_UNUSED_VARIABLE = YES;
				IPHONEOS_DEPLOYMENT_TARGET = 18.1;
				LOCALIZATION_PREFERS_STRING_CATALOGS = YES;
				MTL_ENABLE_DEBUG_INFO = INCLUDE_SOURCE;
				MTL_FAST_MATH = YES;
				ONLY_ACTIVE_ARCH = YES;
				SDKROOT = iphoneos;
				SWIFT_ACTIVE_COMPILATION_CONDITIONS = "DEBUG $(inherited)";
				SWIFT_OPTIMIZATION_LEVEL = "-Onone";
			};
			name = Debug;
		};
		5AAFB60C2CD8B4CF00D778CE /* Release */ = {
			isa = XCBuildConfiguration;
			buildSettings = {
				ALWAYS_SEARCH_USER_PATHS = NO;
				ASSETCATALOG_COMPILER_GENERATE_SWIFT_ASSET_SYMBOL_EXTENSIONS = YES;
				CLANG_ANALYZER_NONNULL = YES;
				CLANG_ANALYZER_NUMBER_OBJECT_CONVERSION = YES_AGGRESSIVE;
				CLANG_CXX_LANGUAGE_STANDARD = "gnu++20";
				CLANG_ENABLE_MODULES = YES;
				CLANG_ENABLE_OBJC_ARC = YES;
				CLANG_ENABLE_OBJC_WEAK = YES;
				CLANG_WARN_BLOCK_CAPTURE_AUTORELEASING = YES;
				CLANG_WARN_BOOL_CONVERSION = YES;
				CLANG_WARN_COMMA = YES;
				CLANG_WARN_CONSTANT_CONVERSION = YES;
				CLANG_WARN_DEPRECATED_OBJC_IMPLEMENTATIONS = YES;
				CLANG_WARN_DIRECT_OBJC_ISA_USAGE = YES_ERROR;
				CLANG_WARN_DOCUMENTATION_COMMENTS = YES;
				CLANG_WARN_EMPTY_BODY = YES;
				CLANG_WARN_ENUM_CONVERSION = YES;
				CLANG_WARN_INFINITE_RECURSION = YES;
				CLANG_WARN_INT_CONVERSION = YES;
				CLANG_WARN_NON_LITERAL_NULL_CONVERSION = YES;
				CLANG_WARN_OBJC_IMPLICIT_RETAIN_SELF = YES;
				CLANG_WARN_OBJC_LITERAL_CONVERSION = YES;
				CLANG_WARN_OBJC_ROOT_CLASS = YES_ERROR;
				CLANG_WARN_QUOTED_INCLUDE_IN_FRAMEWORK_HEADER = YES;
				CLANG_WARN_RANGE_LOOP_ANALYSIS = YES;
				CLANG_WARN_STRICT_PROTOTYPES = YES;
				CLANG_WARN_SUSPICIOUS_MOVE = YES;
				CLANG_WARN_UNGUARDED_AVAILABILITY = YES_AGGRESSIVE;
				CLANG_WARN_UNREACHABLE_CODE = YES;
				CLANG_WARN__DUPLICATE_METHOD_MATCH = YES;
				COPY_PHASE_STRIP = NO;
				DEBUG_INFORMATION_FORMAT = "dwarf-with-dsym";
				ENABLE_NS_ASSERTIONS = NO;
				ENABLE_STRICT_OBJC_MSGSEND = YES;
				ENABLE_USER_SCRIPT_SANDBOXING = YES;
				GCC_C_LANGUAGE_STANDARD = gnu17;
				GCC_NO_COMMON_BLOCKS = YES;
				GCC_WARN_64_TO_32_BIT_CONVERSION = YES;
				GCC_WARN_ABOUT_RETURN_TYPE = YES_ERROR;
				GCC_WARN_UNDECLARED_SELECTOR = YES;
				GCC_WARN_UNINITIALIZED_AUTOS = YES_AGGRESSIVE;
				GCC_WARN_UNUSED_FUNCTION = YES;
				GCC_WARN_UNUSED_VARIABLE = YES;
				IPHONEOS_DEPLOYMENT_TARGET = 18.1;
				LOCALIZATION_PREFERS_STRING_CATALOGS = YES;
				MTL_ENABLE_DEBUG_INFO = NO;
				MTL_FAST_MATH = YES;
				SDKROOT = iphoneos;
				SWIFT_COMPILATION_MODE = wholemodule;
				VALIDATE_PRODUCT = YES;
			};
			name = Release;
		};
		5AAFB60E2CD8B4CF00D778CE /* Debug */ = {
			isa = XCBuildConfiguration;
			buildSettings = {
				BUNDLE_LOADER = "$(TEST_HOST)";
				CODE_SIGN_STYLE = Automatic;
				CURRENT_PROJECT_VERSION = 1;
				GENERATE_INFOPLIST_FILE = YES;
				IPHONEOS_DEPLOYMENT_TARGET = 18.1;
				MARKETING_VERSION = 1.0;
				PRODUCT_BUNDLE_IDENTIFIER = student.UsersLocationAppTests;
				PRODUCT_NAME = "$(TARGET_NAME)";
				SWIFT_EMIT_LOC_STRINGS = NO;
				SWIFT_VERSION = 5.0;
				TARGETED_DEVICE_FAMILY = "1,2";
				TEST_HOST = "$(BUILT_PRODUCTS_DIR)/UsersLocationApp.app/$(BUNDLE_EXECUTABLE_FOLDER_PATH)/UsersLocationApp";
			};
			name = Debug;
		};
		5AAFB60F2CD8B4CF00D778CE /* Release */ = {
			isa = XCBuildConfiguration;
			buildSettings = {
				BUNDLE_LOADER = "$(TEST_HOST)";
				CODE_SIGN_STYLE = Automatic;
				CURRENT_PROJECT_VERSION = 1;
				GENERATE_INFOPLIST_FILE = YES;
				IPHONEOS_DEPLOYMENT_TARGET = 18.1;
				MARKETING_VERSION = 1.0;
				PRODUCT_BUNDLE_IDENTIFIER = student.UsersLocationAppTests;
				PRODUCT_NAME = "$(TARGET_NAME)";
				SWIFT_EMIT_LOC_STRINGS = NO;
				SWIFT_VERSION = 5.0;
				TARGETED_DEVICE_FAMILY = "1,2";
				TEST_HOST = "$(BUILT_PRODUCTS_DIR)/UsersLocationApp.app/$(BUNDLE_EXECUTABLE_FOLDER_PATH)/UsersLocationApp";
			};
			name = Release;
		};
		5AAFB6112CD8B4CF00D778CE /* Debug */ = {
			isa = XCBuildConfiguration;
			buildSettings = {
				CODE_SIGN_STYLE = Automatic;
				CURRENT_PROJECT_VERSION = 1;
				GENERATE_INFOPLIST_FILE = YES;
				MARKETING_VERSION = 1.0;
				PRODUCT_BUNDLE_IDENTIFIER = student.UsersLocationAppUITests;
				PRODUCT_NAME = "$(TARGET_NAME)";
				SWIFT_EMIT_LOC_STRINGS = NO;
				SWIFT_VERSION = 5.0;
				TARGETED_DEVICE_FAMILY = "1,2";
				TEST_TARGET_NAME = UsersLocationApp;
			};
			name = Debug;
		};
		5AAFB6122CD8B4CF00D778CE /* Release */ = {
			isa = XCBuildConfiguration;
			buildSettings = {
				CODE_SIGN_STYLE = Automatic;
				CURRENT_PROJECT_VERSION = 1;
				GENERATE_INFOPLIST_FILE = YES;
				MARKETING_VERSION = 1.0;
				PRODUCT_BUNDLE_IDENTIFIER = student.UsersLocationAppUITests;
				PRODUCT_NAME = "$(TARGET_NAME)";
				SWIFT_EMIT_LOC_STRINGS = NO;
				SWIFT_VERSION = 5.0;
				TARGETED_DEVICE_FAMILY = "1,2";
				TEST_TARGET_NAME = UsersLocationApp;
			};
			name = Release;
		};
/* End XCBuildConfiguration section */

/* Begin XCConfigurationList section */
		5AAFB5DA2CD8B4CE00D778CE /* Build configuration list for PBXProject "UsersLocationApp" */ = {
			isa = XCConfigurationList;
			buildConfigurations = (
				5AAFB60B2CD8B4CF00D778CE /* Debug */,
				5AAFB60C2CD8B4CF00D778CE /* Release */,
			);
			defaultConfigurationIsVisible = 0;
			defaultConfigurationName = Release;
		};
		5AAFB6082CD8B4CF00D778CE /* Build configuration list for PBXNativeTarget "UsersLocationApp" */ = {
			isa = XCConfigurationList;
			buildConfigurations = (
				5AAFB6092CD8B4CF00D778CE /* Debug */,
				5AAFB60A2CD8B4CF00D778CE /* Release */,
			);
			defaultConfigurationIsVisible = 0;
			defaultConfigurationName = Release;
		};
		5AAFB60D2CD8B4CF00D778CE /* Build configuration list for PBXNativeTarget "UsersLocationAppTests" */ = {
			isa = XCConfigurationList;
			buildConfigurations = (
				5AAFB60E2CD8B4CF00D778CE /* Debug */,
				5AAFB60F2CD8B4CF00D778CE /* Release */,
			);
			defaultConfigurationIsVisible = 0;
			defaultConfigurationName = Release;
		};
		5AAFB6102CD8B4CF00D778CE /* Build configuration list for PBXNativeTarget "UsersLocationAppUITests" */ = {
			isa = XCConfigurationList;
			buildConfigurations = (
				5AAFB6112CD8B4CF00D778CE /* Debug */,
				5AAFB6122CD8B4CF00D778CE /* Release */,
			);
			defaultConfigurationIsVisible = 0;
			defaultConfigurationName = Release;
		};
/* End XCConfigurationList section */
	};
	rootObject = 5AAFB5D72CD8B4CE00D778CE /* Project object */;
}
